
Microsoft Visual Studio Solution File, Format Version 12.00
# Visual Studio Version 16
VisualStudioVersion = 16.0.31702.278
MinimumVisualStudioVersion = 10.0.40219.1
Project("{9A19103F-16F7-4668-BE54-9A1E7A4F7556}") = "SignalR.API", "SignalR.API\SignalR.API.csproj", "{A633AEE6-C097-4303-ABFC-2305BEC89D2F}"
EndProject
Project("{FAE04EC0-301F-11D3-BF4B-00C04F79EFBC}") = "SignalR.Web", "SignalR.Web\SignalR.Web.csproj", "{2A4BAA7F-EC21-4C33-8EB0-536C310CCEAF}"
EndProject
Global
	GlobalSection(SolutionConfigurationPlatforms) = preSolution
		Debug|Any CPU = Debug|Any CPU
		Release|Any CPU = Release|Any CPU
	EndGlobalSection
	GlobalSection(ProjectConfigurationPlatforms) = postSolution
		{A633AEE6-C097-4303-ABFC-2305BEC89D2F}.Debug|Any CPU.ActiveCfg = Debug|Any CPU
		{A633AEE6-C097-4303-ABFC-2305BEC89D2F}.Debug|Any CPU.Build.0 = Debug|Any CPU
		{A633AEE6-C097-4303-ABFC-2305BEC89D2F}.Release|Any CPU.ActiveCfg = Release|Any CPU
		{A633AEE6-C097-4303-ABFC-2305BEC89D2F}.Release|Any CPU.Build.0 = Release|Any CPU
		{2A4BAA7F-EC21-4C33-8EB0-536C310CCEAF}.Debug|Any CPU.ActiveCfg = Debug|Any CPU
		{2A4BAA7F-EC21-4C33-8EB0-536C310CCEAF}.Debug|Any CPU.Build.0 = Debug|Any CPU
		{2A4BAA7F-EC21-4C33-8EB0-536C310CCEAF}.Release|Any CPU.ActiveCfg = Release|Any CPU
		{2A4BAA7F-EC21-4C33-8EB0-536C310CCEAF}.Release|Any CPU.Build.0 = Release|Any CPU
	EndGlobalSection
	GlobalSection(SolutionProperties) = preSolution
		HideSolutionNode = FALSE
	EndGlobalSection
	GlobalSection(ExtensibilityGlobals) = postSolution
		SolutionGuid = {E85D0919-D781-4A90-877D-291E22CDF133}
	EndGlobalSection
EndGlobal
